
Microsoft Visual Studio Solution File, Format Version 11.00
# Visual Studio 2010
Project("{FAE04EC0-301F-11D3-BF4B-00C04F79EFBC}") = "DVMFirmwareUpdater", "NathanUpload\DVMFirmwareUpdater.csproj", "{C6C46B7C-25D2-4418-904B-8CD24D365D66}"
EndProject
Global
	GlobalSection(SolutionConfigurationPlatforms) = preSolution
		CD_ROM|x86 = CD_ROM|x86
		Debug|x86 = Debug|x86
		DVD-5|x86 = DVD-5|x86
		Release|x86 = Release|x86
		SingleImage|x86 = SingleImage|x86
	EndGlobalSection
	GlobalSection(ProjectConfigurationPlatforms) = postSolution
		{C6C46B7C-25D2-4418-904B-8CD24D365D66}.CD_ROM|x86.ActiveCfg = Release|x86
		{C6C46B7C-25D2-4418-904B-8CD24D365D66}.CD_ROM|x86.Build.0 = Release|x86
		{C6C46B7C-25D2-4418-904B-8CD24D365D66}.Debug|x86.ActiveCfg = Debug|x86
		{C6C46B7C-25D2-4418-904B-8CD24D365D66}.Debug|x86.Build.0 = Debug|x86
		{C6C46B7C-25D2-4418-904B-8CD24D365D66}.DVD-5|x86.ActiveCfg = Debug|x86
		{C6C46B7C-25D2-4418-904B-8CD24D365D66}.DVD-5|x86.Build.0 = Debug|x86
		{C6C46B7C-25D2-4418-904B-8CD24D365D66}.Release|x86.ActiveCfg = Release|x86
		{C6C46B7C-25D2-4418-904B-8CD24D365D66}.Release|x86.Build.0 = Release|x86
		{C6C46B7C-25D2-4418-904B-8CD24D365D66}.SingleImage|x86.ActiveCfg = Release|x86
		{C6C46B7C-25D2-4418-904B-8CD24D365D66}.SingleImage|x86.Build.0 = Release|x86
	EndGlobalSection
	GlobalSection(SolutionProperties) = preSolution
		HideSolutionNode = FALSE
	EndGlobalSection
EndGlobal
